
Microsoft Visual Studio Solution File, Format Version 12.00
# Visual Studio Version 17
VisualStudioVersion = 17.11.35327.3
MinimumVisualStudioVersion = 10.0.40219.1
Project("{FAE04EC0-301F-11D3-BF4B-00C04F79EFBC}") = "Assignment 7.4", "Assignment 7.4.csproj", "{272CBFA8-F8D7-4655-9AA7-729952313892}"
EndProject
Global
	GlobalSection(SolutionConfigurationPlatforms) = preSolution
		Debug|Any CPU = Debug|Any CPU
		Release|Any CPU = Release|Any CPU
	EndGlobalSection
	GlobalSection(ProjectConfigurationPlatforms) = postSolution
		{272CBFA8-F8D7-4655-9AA7-729952313892}.Debug|Any CPU.ActiveCfg = Debug|Any CPU
		{272CBFA8-F8D7-4655-9AA7-729952313892}.Debug|Any CPU.Build.0 = Debug|Any CPU
		{272CBFA8-F8D7-4655-9AA7-729952313892}.Release|Any CPU.ActiveCfg = Release|Any CPU
		{272CBFA8-F8D7-4655-9AA7-729952313892}.Release|Any CPU.Build.0 = Release|Any CPU
	EndGlobalSection
	GlobalSection(SolutionProperties) = preSolution
		HideSolutionNode = FALSE
	EndGlobalSection
	GlobalSection(ExtensibilityGlobals) = postSolution
		SolutionGuid = {1F0ED8DE-436A-478D-8673-D9DE2AEDC1E2}
	EndGlobalSection
EndGlobal
